
Microsoft Visual Studio Solution File, Format Version 12.00
# Visual Studio Version 17
VisualStudioVersion = 17.0.31903.59
MinimumVisualStudioVersion = 10.0.40219.1
Project("{2150E333-8FDC-42A3-9474-1A3956D46DE8}") = "src", "src", "{93E84E6E-3793-4A05-8F94-A38CD2460F55}"
EndProject
Project("{FAE04EC0-301F-11D3-BF4B-00C04F79EFBC}") = "AuctionService", "src\AuctionService\AuctionService.csproj", "{0ECD3B21-9F94-4E7B-AD4D-2A1DE0D8213E}"
EndProject
Project("{FAE04EC0-301F-11D3-BF4B-00C04F79EFBC}") = "SearchService", "src\SearchService\SearchService.csproj", "{234E62B2-98A9-4DE1-AE27-7547BC3C3725}"
EndProject
Project("{FAE04EC0-301F-11D3-BF4B-00C04F79EFBC}") = "Contracts", "src\Contracts\Contracts.csproj", "{BB099FF2-D822-4C1C-83A7-EB522CFDA69B}"
EndProject
Project("{FAE04EC0-301F-11D3-BF4B-00C04F79EFBC}") = "IdentityService", "src\IdentityService\IdentityService.csproj", "{80E1AD0A-B421-423E-A824-114FCE85DCBD}"
EndProject
Project("{FAE04EC0-301F-11D3-BF4B-00C04F79EFBC}") = "GatewayService", "src\GatewayService\GatewayService.csproj", "{4CFEE0C2-2ED1-4410-82B5-E8C793FC2D44}"
EndProject
Project("{2150E333-8FDC-42A3-9474-1A3956D46DE8}") = "tests", "tests", "{93894D2C-953E-4B33-8A69-B0CA8D878D36}"
EndProject
Project("{FAE04EC0-301F-11D3-BF4B-00C04F79EFBC}") = "AuctionService.UnitTests", "tests\AuctionService.UnitTests\AuctionService.UnitTests.csproj", "{63574CD2-087F-4035-9650-806947B50904}"
EndProject
Global
	GlobalSection(SolutionConfigurationPlatforms) = preSolution
		Debug|Any CPU = Debug|Any CPU
		Release|Any CPU = Release|Any CPU
	EndGlobalSection
	GlobalSection(SolutionProperties) = preSolution
		HideSolutionNode = FALSE
	EndGlobalSection
	GlobalSection(ProjectConfigurationPlatforms) = postSolution
		{0ECD3B21-9F94-4E7B-AD4D-2A1DE0D8213E}.Debug|Any CPU.ActiveCfg = Debug|Any CPU
		{0ECD3B21-9F94-4E7B-AD4D-2A1DE0D8213E}.Debug|Any CPU.Build.0 = Debug|Any CPU
		{0ECD3B21-9F94-4E7B-AD4D-2A1DE0D8213E}.Release|Any CPU.ActiveCfg = Release|Any CPU
		{0ECD3B21-9F94-4E7B-AD4D-2A1DE0D8213E}.Release|Any CPU.Build.0 = Release|Any CPU
		{234E62B2-98A9-4DE1-AE27-7547BC3C3725}.Debug|Any CPU.ActiveCfg = Debug|Any CPU
		{234E62B2-98A9-4DE1-AE27-7547BC3C3725}.Debug|Any CPU.Build.0 = Debug|Any CPU
		{234E62B2-98A9-4DE1-AE27-7547BC3C3725}.Release|Any CPU.ActiveCfg = Release|Any CPU
		{234E62B2-98A9-4DE1-AE27-7547BC3C3725}.Release|Any CPU.Build.0 = Release|Any CPU
		{BB099FF2-D822-4C1C-83A7-EB522CFDA69B}.Debug|Any CPU.ActiveCfg = Debug|Any CPU
		{BB099FF2-D822-4C1C-83A7-EB522CFDA69B}.Debug|Any CPU.Build.0 = Debug|Any CPU
		{BB099FF2-D822-4C1C-83A7-EB522CFDA69B}.Release|Any CPU.ActiveCfg = Release|Any CPU
		{BB099FF2-D822-4C1C-83A7-EB522CFDA69B}.Release|Any CPU.Build.0 = Release|Any CPU
		{80E1AD0A-B421-423E-A824-114FCE85DCBD}.Debug|Any CPU.ActiveCfg = Debug|Any CPU
		{80E1AD0A-B421-423E-A824-114FCE85DCBD}.Debug|Any CPU.Build.0 = Debug|Any CPU
		{80E1AD0A-B421-423E-A824-114FCE85DCBD}.Release|Any CPU.ActiveCfg = Release|Any CPU
		{80E1AD0A-B421-423E-A824-114FCE85DCBD}.Release|Any CPU.Build.0 = Release|Any CPU
		{4CFEE0C2-2ED1-4410-82B5-E8C793FC2D44}.Debug|Any CPU.ActiveCfg = Debug|Any CPU
		{4CFEE0C2-2ED1-4410-82B5-E8C793FC2D44}.Debug|Any CPU.Build.0 = Debug|Any CPU
		{4CFEE0C2-2ED1-4410-82B5-E8C793FC2D44}.Release|Any CPU.ActiveCfg = Release|Any CPU
		{4CFEE0C2-2ED1-4410-82B5-E8C793FC2D44}.Release|Any CPU.Build.0 = Release|Any CPU
		{63574CD2-087F-4035-9650-806947B50904}.Debug|Any CPU.ActiveCfg = Debug|Any CPU
		{63574CD2-087F-4035-9650-806947B50904}.Debug|Any CPU.Build.0 = Debug|Any CPU
		{63574CD2-087F-4035-9650-806947B50904}.Release|Any CPU.ActiveCfg = Release|Any CPU
		{63574CD2-087F-4035-9650-806947B50904}.Release|Any CPU.Build.0 = Release|Any CPU
	EndGlobalSection
	GlobalSection(NestedProjects) = preSolution
		{0ECD3B21-9F94-4E7B-AD4D-2A1DE0D8213E} = {93E84E6E-3793-4A05-8F94-A38CD2460F55}
		{234E62B2-98A9-4DE1-AE27-7547BC3C3725} = {93E84E6E-3793-4A05-8F94-A38CD2460F55}
		{BB099FF2-D822-4C1C-83A7-EB522CFDA69B} = {93E84E6E-3793-4A05-8F94-A38CD2460F55}
		{80E1AD0A-B421-423E-A824-114FCE85DCBD} = {93E84E6E-3793-4A05-8F94-A38CD2460F55}
		{4CFEE0C2-2ED1-4410-82B5-E8C793FC2D44} = {93E84E6E-3793-4A05-8F94-A38CD2460F55}
		{63574CD2-087F-4035-9650-806947B50904} = {93894D2C-953E-4B33-8A69-B0CA8D878D36}
	EndGlobalSection
EndGlobal
